{
  "name": "personal-portfolio",
  "version": "0.0.0",
  "lockfileVersion": 3,
  "requires": true,
  "packages": {
    "": {
      "name": "personal-portfolio",
      "version": "0.0.0",
      "private": true,
      "dependencies": {
        "react": "^18.3.1",
        "react-dom": "^18.3.1"
      },
      "devDependencies": {
        "@types/react": "^18.3.3",
        "@types/react-dom": "^18.3.0",
        "@vitejs/plugin-react": "^4.3.1",
        "autoprefixer": "^10.4.19",
        "postcss": "^8.4.38",
        "tailwindcss": "^3.4.3",
        "typescript": "^5.4.5",
        "vite": "^5.2.11"
      }
    },
    "node_modules/@babel/code-frame": {
      "version": "7.24.2",
      "resolved": "https://registry.npmjs.org/@babel/code-frame/-/code-frame-7.24.2.tgz",
      "integrity": "sha512-y2T05fVRc8k1bc2f4Tuhy0jPjw7ktyvO3B24F1A44p2DoK20TFlH3K2N8iiPMx3sQ8B8hPAA68aF9jB3sPZARA==",
      "dev": true,
      "dependencies": {
        "@babel/highlight": "^7.24.1",
        "picocolors": "^1.0.0"
      },
      "engines": {
        "node": ">=6.9.0"
      }
    },
    "node_modules/@babel/core": {
      "version": "7.24.5",
      "resolved": "https://registry.npmjs.org/@babel/core/-/core-7.24.5.tgz",
      "integrity": "sha512-P3a1kZcsxQlJvZwBP3x5oVTvlpP234dGgQrn539Tzm+jclLESNVaDuriHSgDqcv+pUi2hLq5j5+o1v/2y6YPTA==",
      "dev": true,
      "dependencies": {
        "@babel/code-frame": "^7.24.2",
        "@babel/generator": "^7.24.5",
        "@babel/helper-compilation-targets": "^7.24.5",
        "@babel/helper-module-transforms": "^7.24.5",
        "@babel/helpers": "^7.24.5",
        "@babel/parser": "^7.24.5",
        "@babel/template": "^7.24.0",
        "@babel/traverse": "^7.24.5",
        "@babel/types": "^7.24.5",
        "convert-source-map": "^2.0.0",
        "debug": "^4.1.0",
        "gensync": "^1.0.0-beta.2",
        "json5": "^2.2.3",
        "semver": "^6.3.1"
      },
      "engines": {
        "node": ">=10.13.0"
      },
      "funding": {
        "type": "opencollective",
        "url": "https://opencollective.com/babel"
      }
    },
    "node_modules/@babel/generator": {
      "version": "7.24.5",
      "resolved": "https://registry.npmjs.org/@babel/generator/-/generator-7.24.5.tgz",
      "integrity": "sha512-m3f9g8Y5xc7aO2GkIqN25U5Xp/OgrGgIUEs2I1v29dQu7isl7AsxQ3vVPw9uxs0fV8P7K3crGU6S5S2+RB3aCA==",
      "dev": true,
      "dependencies": {
        "@babel/types": "^7.24.5",
        "jsesc": "^2.5.1",
        "source-map": "^0.5.0"
      },
      "engines": {
        "node": ">=6.9.0"
      }
    },
    "node_modules/@babel/helper-compilation-targets": {
      "version": "7.24.5",
      "resolved": "https://registry.npmjs.org/@babel/helper-compilation-targets/-/helper-compilation-targets-7.24.5.tgz",
      "integrity": "sha512-fchbcmx2A0O/q2t53kG8wMCH/J49L/3P2p2lQsj80B0j5v/+gDTwB2FXXmDGqE5WYSt15msmJJk01Vn4+4vFkA==",
      "dev": true,
      "dependencies": {
        "@babel/compat-data": "^7.24.5",
        "@babel/helper-validator-option": "^7.24.5",
        "browserslist": "^4.23.0",
        "semver": "^6.3.1"
      },
      "engines": {
        "node": ">=6.9.0"
      }
    },
    "node_modules/@babel/helper-function-name": {
      "version": "7.24.5",
      "resolved": "https://registry.npmjs.org/@babel/helper-function-name/-/helper-function-name-7.24.5.tgz",
      "integrity": "sha512-zMLiWg2Brj6LWL3Hhco22b0e9tAh0s5NA2zQIyUn53o2vnflwK1Qk4NG/aLqNMMoh3w9f2/ivRE2Cg/Xk+23AQ==",
      "dev": true,
      "dependencies": {
        "@babel/template": "^7.24.0",
        "@babel/types": "^7.24.5"
      },
      "engines": {
        "node": ">=6.9.0"
      }
    },
    "node_modules/@babel/helper-module-imports": {
      "version": "7.24.5",
      "resolved": "https://registry.npmjs.org/@babel/helper-module-imports/-/helper-module-imports-7.24.5.tgz",
      "integrity": "sha512-k4kR2yYnES5fxfP9509I3y34XfG73R0A4rPvwgU3r1rS8MOLkFm2SAQ2r905t/zlcL13cK87vKGa1XoJ2p8PA==",
      "dev": true,
      "dependencies": {
        "@babel/types": "^7.24.5"
      },
      "engines": {
        "node": ">=6.9.0"
      }
    },
    "node_modules/@babel/helper-module-transforms": {
      "version": "7.24.5",
      "resolved": "https://registry.npmjs.org/@babel/helper-module-transforms/-/helper-module-transforms-7.24.5.tgz",
      "integrity": "sha512-D6cO1T/s4YpU0R7r5z3K7oYtWDPohEM2P4J2O8XAYe44GZl4u8i19G5eD/v18V8kEQ+Z0d2ViV2x/40Y8vBVA==",
      "dev": true,
      "dependencies": {
        "@babel/helper-environment-visitor": "^7.22.20",
        "@babel/helper-module-imports": "^7.24.5",
        "@babel/helper-simple-access": "^7.24.5",
        "@babel/helper-split-export-declaration": "^7.24.5",
        "@babel/helper-validator-identifier": "^7.24.5",
        "@babel/traverse": "^7.24.5",
        "@babel/types": "^7.24.5"
      },
      "engines": {
        "node": ">=6.9.0"
      }
    },
    "node_modules/@babel/helper-plugin-utils": {
      "version": "7.24.5",
      "resolved": "https://registry.npmjs.org/@babel/helper-plugin-utils/-/helper-plugin-utils-7.24.5.tgz",
      "integrity": "sha512-5/3B2XGz0aU7T4eMD2tAKo0xA0zQRyF93h3lI/+zBFwQmdEhx2M5do32yeOD+L+m22jil2y9t/u9r51M9e+cPA==",
      "dev": true,
      "engines": {
        "node": ">=6.9.0"
      }
    },
    "node_modules/@babel/helper-simple-access": {
      "version": "7.24.5",
      "resolved": "https://registry.npmjs.org/@babel/helper-simple-access/-/helper-simple-access-7.24.5.tgz",
      "integrity": "sha512-25G1P/BwsGvlmA7/zMHMvBKI15eLDATb4TUSWw8O0t8HYC2p9/7J9WAFSCdKC3I19y6jQoDA0vG0gN2V535J3A==",
      "dev": true,
      "dependencies": {
        "@babel/types": "^7.24.5"
      },
      "engines": {
        "node": ">=6.9.0"
      }
    },
    "node_modules/@babel/helper-split-export-declaration": {
      "version": "7.24.5",
      "resolved": "https://registry.npmjs.org/@babel/helper-split-export-declaration/-/helper-split-export-declaration-7.24.5.tgz",
      "integrity": "sha512-o72bkyV1gLdE3vF/VvfnDx4r4tZ0x+pnDhfjgMWLdYmwyxa4WxdkF/isUvLy0T7uSa9NsxCrkK7p2gza+i30cQ==",
      "dev": true,
      "dependencies": {
        "@babel/types": "^7.24.5"
      },
      "engines": {
        "node": ">=6.9.0"
      }
    },
    "node_modules/@babel/helper-validator-identifier": {
      "version": "7.24.5",
      "resolved": "https://registry.npmjs.org/@babel/helper-validator-identifier/-/helper-validator-identifier-7.24.5.tgz",
      "integrity": "sha512-3q93SSdDidTAmv8Pa93v8DHYyr8dly2tKdWX3pdNEe3wEx24Cj6s4uN+v/aV7iQ5yWr09o5a8kG/wfAiGvck+Q==",
      "dev": true,
      "engines": {
        "node": ">=6.9.0"
      }
    },
    "node_modules/@babel/helper-validator-option": {
      "version": "7.24.5",
      "resolved": "https://registry.npmjs.org/@babel/helper-validator-option/-/helper-validator-option-7.24.5.tgz",
      "integrity": "sha512-kIJSodBfD3bZO6oG2J4qYxP2bPV3GrqfAB3hLPDkK2SA/FFdJ1GHeq2a+Q4t9kOyUa2U3Fyq8412ju7xGT2+kQ==",
      "dev": true,
      "engines": {
        "node": ">=6.9.0"
      }
    },
    "node_modules/@babel/helpers": {
      "version": "7.24.5",
      "resolved": "https://registry.npmjs.org/@babel/helpers/-/helpers-7.24.5.tgz",
      "integrity": "sha512-LQD1m1QoYp5n7jY4aN4j42TqU+iZGIoQ5iX8MGlGk1Qj2DR86/B2d0c24aPhQNt6RASPjcbq6vP7ffSgB7bweQ==",
      "dev": true,
      "dependencies": {
        "@babel/template": "^7.24.0",
        "@babel/traverse": "^7.24.5",
        "@babel/types": "^7.24.5"
      },
      "engines": {
        "node": ">=6.9.0"
      }
    },
    "node_modules/@babel/highlight": {
      "version": "7.24.1",
      "resolved": "https://registry.npmjs.org/@babel/highlight/-/highlight-7.24.1.tgz",
      "integrity": "sha512-HlVRSsPaP0qMcy+9+2hM3g1G8F/T+fQ5/5y8oHbxY5wfQ48gTS72weuoeMRg1R1d5i9Ff6G0G1KcwDa1v5k4Kw==",
      "dev": true,
      "dependencies": {
        "@babel/helper-validator-identifier": "^7.24.1",
        "chalk": "^2.0.0",
        "js-tokens": "^4.0.0"
      },
      "engines": {
        "node": ">=6.9.0"
      }
    },
    "node_modules/@babel/highlight/node_modules/chalk": {
      "version": "2.4.2",
      "resolved": "https://registry.npmjs.org/chalk/-/chalk-2.4.2.tgz",
      "integrity": "sha512-Mti+f9LPJNcwF4tWV8/OrTTtF1gZi+f8FqlyAdouralcFWFQWF2+NgCHShjkCb+IFBLq9bub/tXw9pNeA2f5pQ==",
      "dev": true,
      "dependencies": {
        "ansi-styles": "^3.2.1",
        "escape-string-regexp": "^1.0.5",
        "supports-color": "^5.3.0"
      },
      "engines": {
        "node": ">=4"
      }
    },
    "node_modules/@babel/parser": {
      "version": "7.24.5",
      "resolved": "https://registry.npmjs.org/@babel/parser/-/parser-7.24.5.tgz",
      "integrity": "sha512-D2F8s6crjP5WqEaD5qMzgAUPT/p2n1S/k/cH4nLgU9m/M++X+Jt5SjJ2eLzXl9A/l/V5dpgjCSg2g3gQv2ZBA==",
      "dev": true,
      "dependencies": {
        "picocolors": "^1.0.0"
      },
      "bin": {
        "parser": "bin/babel-parser.js"
      },
      "engines": {
        "node": ">=6.0.0"
      }
    },
    "node_modules/@babel/plugin-transform-react-jsx": {
      "version": "7.24.5",
      "resolved": "https://registry.npmjs.org/@babel/plugin-transform-react-jsx/-/plugin-transform-react-jsx-7.24.5.tgz",
      "integrity": "sha512-dGnPz2yI4A6Z+mQYjD6iGcq3wftf3V5kKkCLu/uL2RQVcPj8V0nE+G2u+1oTvp13W09tTj0T5rYd5f5a+yBlwQ==",
      "dev": true,
      "dependencies": {
        "@babel/helper-annotate-as-pure": "^7.22.5",
        "@babel/helper-module-imports": "^7.24.5",
        "@babel/helper-plugin-utils": "^7.24.5",
        "@babel/plugin-syntax-jsx": "^7.24.1",
        "@babel/types": "^7.24.5"
      },
      "engines": {
        "node": ">=6.9.0"
      },
      "peerDependencies": {
        "@babel/core": "^7.0.0-0"
      }
    },
    "node_modules/@babel/plugin-transform-react-jsx-development": {
      "version": "7.22.5",
      "resolved": "https://registry.npmjs.org/@babel/plugin-transform-react-jsx-development/-/plugin-transform-react-jsx-development-7.22.5.tgz",
      "integrity": "sha512-b2LPD823e5OCEqw4u803a6c4FMFdrC3j3R2+/HHM+r6QS+5h2zQJ/u1kKqw56/2/V5/LKy/zDWBJd6CRJm6G1Q==",
      "dev": true,
      "dependencies": {
        "@babel/plugin-transform-react-jsx": "^7.22.5"
      },
      "engines": {
        "node": ">=6.9.0"
      },
      "peerDependencies": {
        "@babel/core": "^7.0.0-0"
      }
    },
    "node_modules/@babel/plugin-transform-react-jsx-self": {
      "version": "7.22.5",
      "resolved": "https://registry.npmjs.org/@babel/plugin-transform-react-jsx-self/-/plugin-transform-react-jsx-self-7.22.5.tgz",
      "integrity": "sha512-y6oPq7FPA1vUjJuL/xN7lZ2I8jTqiGq0tCe1PU/08QfNQLWjFq9UQlXq+gLz4lY2c/I2wVRgU+t6kO/oF924eQ==",
      "dev": true,
      "dependencies": {
        "@babel/helper-plugin-utils": "^7.22.5"
      },
      "engines": {
        "node": ">=6.9.0"
      },
      "peerDependencies": {
        "@babel/core": "^7.0.0-0"
      }
    },
    "node_modules/@babel/runtime": {
      "version": "7.24.5",
      "resolved": "https://registry.npmjs.org/@babel/runtime/-/runtime-7.24.5.tgz",
      "integrity": "sha512-wY6VcLLU3DAi/LXOgsAcqj8nJCk8w9hAmxOKu4bKS4l3i+4Iqd3HFCj9tS3v2kNqVp1FFaYI+38ufQ2XBUE6dA==",
      "dev": true,
      "dependencies": {
        "regenerator-runtime": "^0.14.0"
      },
      "engines": {
        "node": ">=6.9.0"
      }
    },
    "node_modules/@babel/template": {
      "version": "7.24.0",
      "resolved": "https://registry.npmjs.org/@babel/template/-/template-7.24.0.tgz",
      "integrity": "sha512-n2z2P2/Mv+rR0Szk4GH+Ie+PqVHy+X/MtCF+mm3s2B27rI5D+3Lp/p6L7zKp42I8A2VTFwHyM2w2nL+kM7U3mw==",
      "dev": true,
      "dependencies": {
        "@babel/code-frame": "^7.23.5",
        "@babel/parser": "^7.24.0",
        "@babel/types": "^7.24.0"
      },
      "engines": {
        "node": ">=6.9.0"
      }
    },
    "node_modules/@babel/traverse": {
      "version": "7.24.5",
      "resolved": "https://registry.npmjs.org/@babel/traverse/-/traverse-7.24.5.tgz",
      "integrity": "sha512-o/nJeqV+Z82P6k4iKgeWGy4Nn2cM8cE7bshgWSlA2FDEP4558lH3X/wE8GvQg263iEdcxTQ28e+L30fP74vGsw==",
      "dev": true,
      "dependencies": {
        "@babel/code-frame": "^7.24.2",
        "@babel/generator": "^7.24.5",
        "@babel/helper-environment-visitor": "^7.22.20",
        "@babel/helper-function-name": "^7.24.5",
        "@babel/helper-plugin-utils": "^7.24.5",
        "@babel/helper-split-export-declaration": "^7.24.5",
        "@babel/parser": "^7.24.5",
        "@babel/types": "^7.24.5",
        "debug": "^4.1.0",
        "globals": "^11.1.0"
      },
      "engines": {
        "node": ">=6.9.0"
      }
    },
    "node_modules/@babel/types": {
      "version": "7.24.5",
      "resolved": "https://registry.npmjs.org/@babel/types/-/types-7.24.5.tgz",
      "integrity": "sha512-KyvBvJ4E9+tVAmM55a3zYdlA2T5n+hYk2J/aKG8gH3PS3t53k/y33h2C6B4hR2mpB+zogb4E9wT/3jE9x2/0OA==",
      "dev": true,
      "dependencies": {
        "@babel/helper-validator-identifier": "^7.24.5",
        "to-fast-properties": "^2.0.0"
      },
      "engines": {
        "node": ">=6.9.0"
      }
    },
    "node_modules/@types/node": {
      "version": "20.12.12",
      "resolved": "https://registry.npmjs.org/@types/node/-/node-20.12.12.tgz",
      "integrity": "sha512-eWLDGF/F3heyCgWH3N861aM13lIjO2b2DMI0ov2GD13i8dO44wq55TzN/n0rdgpRIrfxKP2Vo5ae2S9Wbr1rMQ==",
      "dev": true,
      "dependencies": {
        "undici-types": "~5.26.4"
      }
    },
    "node_modules/@types/prop-types": {
      "version": "15.7.12",
      "resolved": "https://registry.npmjs.org/@types/prop-types/-/prop-types-15.7.12.tgz",
      "integrity": "sha512-5zvhXYg4IKGnoVSJUDZi1GiPBwvfkS9eeVUNL2vIGDqC15fel9WBGSPB59+5h73a/Cg5iit8dGvVCRU6grHw9g==",
      "dev": true
    },
    "node_modules/@types/react": {
      "version": "18.3.3",
      "resolved": "https://registry.npmjs.org/@types/react/-/react-18.3.3.tgz",
      "integrity": "sha512-hti/R0pS0q1/xx+TsI73S6SqvpeMeerUE5RgEA4BvDbaq3kEQJOSY2b7iL2uyetS4I482dMvS0A9oIv/21v31g==",
      "dev": true,
      "dependencies": {
        "@types/prop-types": "*",
        "csstype": "^3.0.2"
      }
    },
    "node_modules/@types/react-dom": {
      "version": "18.3.0",
      "resolved": "https://registry.npmjs.org/@types/react-dom/-/react-dom-18.3.0.tgz",
      "integrity": "sha512-eEgrNBbhT0v+VnA+D4DXOKH7v+t3DAPJ8n2Hna0Jm2n2lX6I2f58s4TjxV5z4L27dF2D/5u2p0F2u2i2yvj/lQ==",
      "dev": true,
      "dependencies": {
        "@types/react": "*"
      }
    },
    "node_modules/@vitejs/plugin-react": {
      "version": "4.3.1",
      "resolved": "https://registry.npmjs.org/@vitejs/plugin-react/-/plugin-react-4.3.1.tgz",
      "integrity": "sha512-sHAKtnMk5Vz3aPTh57V9WJt2i4KF2h8gIeS2aTvbS0rC0o6aL47/b2zBCiC+s21J+e3v0aJz4rt4gT3Q/2jBw==",
      "dev": true,
      "dependencies": {
        "@babel/core": "^7.24.0",
        "@babel/plugin-transform-react-jsx-development": "^7.22.5",
        "@babel/plugin-transform-react-jsx-self": "^7.22.5",
        "react-refresh": "^0.14.0"
      },
      "peerDependencies": {
        "vite": "^4.4.9 || ^5.0.0"
      }
    },
    "node_modules/ansi-styles": {
      "version": "3.2.1",
      "resolved": "https://registry.npmjs.org/ansi-styles/-/ansi-styles-3.2.1.tgz",
      "integrity": "sha512-VT0ZI6kZRdTh8YyJw3SMbYm/u+NqfsAxEpWO0Pf9sq8/e94WxxOpPKx9FR1FlyCtOVDNOQ+8ntl/FPlDvE2USQ==",
      "dev": true,
      "dependencies": {
        "color-convert": "^1.9.0"
      },
      "engines": {
        "node": ">=4"
      }
    },
    "node_modules/autoprefixer": {
      "version": "10.4.19",
      "resolved": "https://registry.npmjs.org/autoprefixer/-/autoprefixer-10.4.19.tgz",
      "integrity": "sha512-w9fk3GVhA4WHjTMYS1O2A5BQ1i14gOzx0zLz8sMrg5uXG6ZcN7tQfD3I3rPViXo+gW4q5p7KxGyw6n1/F4FSA==",
      "dev": true,
      "dependencies": {
        "browserslist": "^4.23.0",
        "caniuse-lite": "^1.0.30001614",
        "picocolors": "^1.0.0",
        "postcss-value-parser": "^4.2.0"
      },
      "bin": {
        "autoprefixer": "bin/autoprefixer"
      },
      "engines": {
        "node": "^10 || ^12 || >=14"
      },
      "funding": {
        "type": "opencollective",
        "url": "https://opencollective.com/postcss/"
      }
    },
    "node_modules/braces": {
      "version": "3.0.2",
      "resolved": "https://registry.npmjs.org/braces/-/braces-3.0.2.tgz",
      "integrity": "sha512-b8um+L1RzM3WDSzvhm6gIz1yfTbBt6YTlcEKAvsmqCZZFw46z626lVj9j1yEPW33H5H+lBQpZMP1k8l+78Ha0A==",
      "dev": true,
      "dependencies": {
        "fill-range": "^7.0.1"
      },
      "engines": {
        "node": ">=8"
      }
    },
    "node_modules/browserslist": {
      "version": "4.23.0",
      "resolved": "https://registry.npmjs.org/browserslist/-/browserslist-4.23.0.tgz",
      "integrity": "sha512-vG11HJj3oKZSti3Wh6p+9hI4T3opdc5UvGZl45bnnq67QTTgzzf4m1sE+Qv2434/hVjQx/42P0IAaf5AWQo/BQ==",
      "dev": true,
      "dependencies": {
        "caniuse-lite": "^1.0.30001614",
        "electron-to-chromium": "^1.4.784",
        "node-releases": "^2.0.14",
        "update-browserslist-db": "^1.0.13"
      },
      "bin": {
        "browserslist": "cli.js"
      },
      "engines": {
        "node": "^12 || ^14 || ^16 || ^17 || >=18"
      },
      "funding": {
        "type": "opencollective",
        "url": "https://opencollective.com/browserslist"
      }
    },
    "node_modules/caniuse-lite": {
      "version": "1.0.30001618",
      "resolved": "https://registry.npmjs.org/caniuse-lite/-/caniuse-lite-1.0.30001618.tgz",
      "integrity": "sha512-Jm9k0f209+wWb8L/uwpAEsQgmP15sE2Tc+s2WsfQy1T2V8gXD50M/dwyb4Q9JgDOKJFMwXm4A2GndpLzUK1oXw==",
      "dev": true,
      "funding": {
        "type": "opencollective",
        "url": "https://opencollective.com/browserslist"
      }
    },
    "node_modules/color-convert": {
      "version": "1.9.3",
      "resolved": "https://registry.npmjs.org/color-convert/-/color-convert-1.9.3.tgz",
      "integrity": "sha512-QfAUtd+vFdAtFQhcaCWRwWf+UagUWvV2ma+VBdNeba3I9MNTe4stObTt5E+H+MGPvO06BrUakxA7SYQ+bBeMDQ==",
      "dev": true,
      "dependencies": {
        "color-name": "1.1.3"
      }
    },
    "node_modules/color-name": {
      "version": "1.1.3",
      "resolved": "https://registry.npmjs.org/color-name/-/color-name-1.1.3.tgz",
      "integrity": "sha512-72fSenhMw2ACoIpKJ papalYsnw9b8wgTAgN1I9vDbVpbSVeJnaiMoz7uEcIyMWVgXUjGP8fq42jcPpgFnfWaSg==",
      "dev": true
    },
    "node_modules/commander": {
      "version": "2.20.3",
      "resolved": "https://registry.npmjs.org/commander/-/commander-2.20.3.tgz",
      "integrity": "sha512-GpVkmM8vF2vQUkj2LvAdUT2vOKcmCbUY7Ua4ayhAEPS7siPGY1gt7b5co6MAaG9w+gTyM/FKEJe2hLbP5r3l7A==",
      "dev": true
    },
    "node_modules/convert-source-map": {
      "version": "2.0.0",
      "resolved": "https://registry.npmjs.org/convert-source-map/-/convert-source-map-2.0.0.tgz",
      "integrity": "sha512-kR3Z1y3iR4H3xT657y4Y/87zS1HU7y3fLqgXgG552oZHZ9JAe77tsee6GIGHOWe1t9HZo2tQGaeR3AUnD2gHCA==",
      "dev": true
    },
    "node_modules/csstype": {
      "version": "3.1.3",
      "resolved": "https://registry.npmjs.org/csstype/-/csstype-3.1.3.tgz",
      "integrity": "sha512-M1uQkMl8rQK/szD0LNhtqxIPLz/J+4G5DKEPABSOZYrlEVgBT8Gz2yHITmu02nsgYf10Cgl2HqYviRaCa2/62A=="
    },
    "node_modules/debug": {
      "version": "4.3.4",
      "resolved": "https://registry.npmjs.org/debug/-/debug-4.3.4.tgz",
      "integrity": "sha512-PR1b4ofeJZFkLJcXdahexlHagdoFG+xJy91ewfFkBIseQDohP3u4dVAI4Kv6IBeJQDgjdUzzXMWCC9MCtryg4A==",
      "dev": true,
      "dependencies": {
        "ms": "2.1.2"
      },
      "engines": {
        "node": ">=6.0"
      },
      "peerDependenciesMeta": {
        "supports-color": {
          "optional": true
        }
      }
    },
    "node_modules/didyoumean": {
      "version": "1.2.2",
      "resolved": "https://registry.npmjs.org/didyoumean/-/didyoumean-1.2.2.tgz",
      "integrity": "sha512-g+8DEh3g2/sqIXILeloc2i39+2nps2zI8gGfK7/B2kIu3Q+gqPEUW4aH92dIOB2b/m5dPEr74BlY3e2gc43dQA==",
      "dev": true
    },
    "node_modules/dlv": {
      "version": "1.1.3",
      "resolved": "https://registry.npmjs.org/dlv/-/dlv-1.1.3.tgz",
      "integrity": "sha512-DlNBKqTnMIAgdQW/GT2MIF2wr1p/KFbI3N7XtpYy1n33s18GFza2t1mOnupQdJ1f7/AmzC4x/32H2p0UvXQxxQ==",
      "dev": true
    },
    "node_modules/electron-to-chromium": {
      "version": "1.4.793",
      "resolved": "https://registry.npmjs.org/electron-to-chromium/-/electron-to-chromium-1.4.793.tgz",
      "integrity": "sha512-rWfPVRm1pAYkDBjJ2rB+J3UaB2y1e+jbrWlP1/9k+5b/kE3kMb23tWk2vV+23yLHt5u43N590T+b9F8/kK3fWw==",
      "dev": true
    },
    "node_modules/esbuild": {
      "version": "0.20.2",
      "resolved": "https://registry.npmjs.org/esbuild/-/esbuild-0.20.2.tgz",
      "integrity": "sha512-Cm3P/hRyTr/y0d4l7t2WbPlFzD47Q4U73fWCK+L5f/1dD+5LbrW3hA0TjV8aB8M2P1i2LTTb2f+S30N2mQ==",
      "dev": true,
      "hasInstallScript": true,
      "bin": {
        "esbuild": "bin/esbuild"
      },
      "engines": {
        "node": ">=12"
      },
      "optionalDependencies": {
        "@esbuild/android-arm": "0.20.2",
        "@esbuild/android-arm64": "0.20.2",
        "@esbuild/android-x64": "0.20.2",
        "@esbuild/darwin-arm64": "0.20.2",
        "@esbuild/darwin-x64": "0.20.2",
        "@esbuild/freebsd-arm64": "0.20.2",
        "@esbuild/freebsd-x64": "0.20.2",
        "@esbuild/linux-arm": "0.20.2",
        "@esbuild/linux-arm64": "0.20.2",
        "@esbuild/linux-ia32": "0.20.2",
        "@esbuild/linux-loong64": "0.20.2",
        "@esbuild/linux-mips64el": "0.20.2",
        "@esbuild/linux-ppc64": "0.20.2",
        "@esbuild/linux-riscv64": "0.20.2",
        "@esbuild/linux-s390x": "0.20.2",
        "@esbuild/linux-x64": "0.20.2",
        "@esbuild/netbsd-x64": "0.20.2",
        "@esbuild/openbsd-x64": "0.20.2",
        "@esbuild/sunos-x64": "0.20.2",
        "@esbuild/win32-arm64": "0.20.2",
        "@esbuild/win32-ia32": "0.20.2",
        "@esbuild/win32-x64": "0.20.2"
      }
    },
    "node_modules/escape-string-regexp": {
      "version": "1.0.5",
      "resolved": "https://registry.npmjs.org/escape-string-regexp/-/escape-string-regexp-1.0.5.tgz",
      "integrity": "sha512-vbRorB+OLqy6LPiqPSBqQvWv9p78D8WbCv3Ek7g7Q9g+8u5p2p8o2pPtdqP5c4iPew96SJJMf2s10Mh222s5lA==",
      "dev": true,
      "engines": {
        "node": ">=0.8.0"
      }
    },
    "node_modules/fast-glob": {
      "version": "3.3.2",
      "resolved": "https://registry.npmjs.org/fast-glob/-/fast-glob-3.3.2.tgz",
      "integrity": "sha512-oX2ruAFQwf/Orj8m737Y5adxYc7VLxWF1I35WezBdJeNusOo9ALzN2u/5UT72zcn1p2kbuvLh8rp22A4ESWw6g==",
      "dev": true,
      "dependencies": {
        "@nodelib/fs.stat": "^2.0.2",
        "@nodelib/fs.walk": "^1.2.3",
        "glob-parent": "^5.1.2",
        "micromatch": "^4.0.4",
        "merge2": "^1.3.0"
      },
      "engines": {
        "node": ">=8"
      }
    },
    "node_modules/fastq": {
      "version": "1.17.1",
      "resolved": "https://registry.npmjs.org/fastq/-/fastq-1.17.1.tgz",
      "integrity": "sha512-sR6gG0sQoYKPmHHFhYvM8zSTLhz3m4Q8i1uIu3482n2X55n72s42a7Ea3ev0kYeQY5TAm4rW0m2Ea/b02HPAw==",
      "dev": true,
      "dependencies": {
        "reusify": "^1.0.4"
      }
    },
    "node_modules/fill-range": {
      "version": "7.0.1",
      "resolved": "https://registry.npmjs.org/fill-range/-/fill-range-7.0.1.tgz",
      "integrity": "sha512-qOo9F+dMtkC+i48sTQyrfNqS7atTfvM0kkGHdtA+bnG4QMat3PfeG3E+3o/1s9OzxOAhtDfmxdhAFdv2rKowlg==",
      "dev": true,
      "dependencies": {
        "to-regex-range": "^5.0.1"
      },
      "engines": {
        "node": ">=8"
      }
    },
    "node_modules/gensync": {
      "version": "1.0.0-beta.2",
      "resolved": "https://registry.npmjs.org/gensync/-/gensync-1.0.0-beta.2.tgz",
      "integrity": "sha512-3h1t+v9dD529vN2y2Q+3d9K1d2z2sN6b+p88V6nZ2rJ83aOz/O+QcaW3PvVwVUd4paPedb850Pd3LpA==",
      "dev": true,
      "engines": {
        "node": ">=6.9.0"
      }
    },
    "node_modules/glob-parent": {
      "version": "5.1.2",
      "resolved": "https://registry.npmjs.org/glob-parent/-/glob-parent-5.1.2.tgz",
      "integrity": "sha512-AOIgSQCepiupwL93IvzB1ssq8r4fQAeSvpYscdmmGa6FHcXIXy1nsAOKGN2UrlOSVb8UtVgQcAN2hP44cvgpwA==",
      "dev": true,
      "dependencies": {
        "is-glob": "^4.0.1"
      },
      "engines": {
        "node": ">= 6"
      }
    },
    "node_modules/globals": {
      "version": "11.12.0",
      "resolved": "https://registry.npmjs.org/globals/-/globals-11.12.0.tgz",
      "integrity": "sha512-WOBp/EEGUiIsJSp7wcv/y6CTONzi+f7rZQQ5tqucLkWTRoJ33atUIsn2tVEIpO233SYTrOKEWxZNLAo1IKjrfA==",
      "dev": true,
      "engines": {
        "node": ">=4"
      }
    },
    "node_modules/has-flag": {
      "version": "3.0.0",
      "resolved": "https://registry.npmjs.org/has-flag/-/has-flag-3.0.0.tgz",
      "integrity": "sha512-cvbb/A4m6PA9DhaTTII68Bav8s70560a/3PQeO5eIu2eCo59x1X1e6FGmE8S1cqEycwEa/4zVlFah5kL2t2vQ==",
      "dev": true,
      "engines": {
        "node": ">=4"
      }
    },
    "node_modules/is-extglob": {
      "version": "2.1.1",
      "resolved": "https://registry.npmjs.org/is-extglob/-/is-extglob-2.1.1.tgz",
      "integrity": "sha512-SbKbANkN603Vi4jTvfzSM1Kyb2wHD29zdt3shDNZgKzUpt2qT6cssuStLur2sFL42go1T/1CEQKpjeLC1j/V2A==",
      "dev": true,
      "engines": {
        "node": ">=0.10.0"
      }
    },
    "node_modules/is-glob": {
      "version": "4.0.3",
      "resolved": "https://registry.npmjs.org/is-glob/-/is-glob-4.0.3.tgz",
      "integrity": "sha512-xelSayI0mongooseULTnAiNvK2+ryACsx2Lva/L438I9d95I5wEa2S7eRxQkP23Q6ae2mG1BLx2df1I0wAEPoeAew==",
      "dev": true,
      "dependencies": {
        "is-extglob": "^2.1.1"
      },
      "engines": {
        "node": ">=0.10.0"
      }
    },
    "node_modules/is-number": {
      "version": "7.0.0",
      "resolved": "https://registry.npmjs.org/is-number/-/is-number-7.0.0.tgz",
      "integrity": "sha512-41Cifkg6e8TylSpdtTpeLVMqvSBEVzTttHvERD741+pnZ8ANv0004MRL43QKPDlK9rLSoN5bgde8dB1NjVZ2hg==",
      "dev": true,
      "engines": {
        "node": ">=0.12.0"
      }
    },
    "node_modules/js-tokens": {
      "version": "4.0.0",
      "resolved": "https://registry.npmjs.org/js-tokens/-/js-tokens-4.0.0.tgz",
      "integrity": "sha512-RdJUflcE3cUzKiMqQgsCu06FPu9UdIJO0beYbPhHN4k6apgJtifcoCtT9bcxCr3c8Le3oPO/4hadMjeBiVnYfA==",
      "dev": true
    },
    "node_modules/js-yaml": {
      "version": "4.1.0",
      "resolved": "https://registry.npmjs.org/js-yaml/-/js-yaml-4.1.0.tgz",
      "integrity": "sha512-wpxZs9NoxZaJESJGIZHEBC2mwPa7srpsQvPCjfsrCK8yuvxMkw2dbnpRI2+is+EBI3jUbjsMNYoWHTloJB3afA==",
      "dev": true,
      "dependencies": {
        "argparse": "^2.0.1"
      },
      "bin": {
        "js-yaml": "bin/js-yaml.js"
      }
    },
    "node_modules/jsesc": {
      "version": "2.5.2",
      "resolved": "https://registry.npmjs.org/jsesc/-/jsesc-2.5.2.tgz",
      "integrity": "sha512-OYu7XEzjkCQ3C5Ps3QIZsQfNpqoJyZZA99wd9aWd05NCtC5pWLeUXBqaGGWBC5EM8A3ZlvAK8dCfiMwNdSugPQ==",
      "dev": true,
      "bin": {
        "jsesc": "bin/jsesc"
      },
      "engines": {
        "node": ">=4"
      }
    },
    "node_modules/json5": {
      "version": "2.2.3",
      "resolved": "https://registry.npmjs.org/json5/-/json5-2.2.3.tgz",
      "integrity": "sha512-XmOWe7eyHYH14cLdJVlkM+Qo9IfBUtuwBCBrErfroY0GfqsJVvefP2cXAS3pVxGu+4i2dgs5NQrYzvWpkeG2mg==",
      "dev": true,
      "bin": {
        "json5": "lib/cli.js"
      },
      "engines": {
        "node": ">=6"
      }
    },
    "node_modules/lilconfig": {
      "version": "2.1.0",
      "resolved": "https://registry.npmjs.org/lilconfig/-/lilconfig-2.1.0.tgz",
      "integrity": "sha512-utWOt/GHzuUxn5K7u7k236AbMioHARGE0YfufG2HP224p53wzRR38Qhl5vjS/yY+21p1Rgf2e2aY00KW2Zb6aA==",
      "dev": true,
      "engines": {
        "node": ">=10"
      }
    },
    "node_modules/lines-and-columns": {
      "version": "1.2.4",
      "resolved": "https://registry.npmjs.org/lines-and-columns/-/lines-and-columns-1.2.4.tgz",
      "integrity": "sha512-7ylylesZQVER3s+1yctMCeM1pM6v43VFG72aO2E3es3bVv9WAOh8GJ8h2c1eQ2/3vY1J/3HbewA0/01g2U3gDQ==",
      "dev": true
    },
    "node_modules/loose-envify": {
      "version": "1.4.0",
      "resolved": "https://registry.npmjs.org/loose-envify/-/loose-envify-1.4.0.tgz",
      "integrity": "sha512-lyuxPGr/Wfhrlem2CL/UcnUc1zcqKAImBDzukY7Y5F/yQiNdBR6qfSmsM7PxceDEY2EWe8LeZQSA5U8wws5fbQ==",
      "dependencies": {
        "js-tokens": "^3.0.0 || ^4.0.0"
      },
      "bin": {
        "loose-envify": "cli.js"
      }
    },
    "node_modules/loose-envify/node_modules/js-tokens": {
      "version": "4.0.0",
      "resolved": "https://registry.npmjs.org/js-tokens/-/js-tokens-4.0.0.tgz",
      "integrity": "sha512-RdJUflcE3cUzKiMqQgsCu06FPu9UdIJO0beYbPhHN4k6apgJtifcoCtT9bcxCr3c8Le3oPO/4hadMjeBiVnYfA=="
    },
    "node_modules/merge2": {
      "version": "1.4.1",
      "resolved": "https://registry.npmjs.org/merge2/-/merge2-1.4.1.tgz",
      "integrity": "sha512-ESjrdXX4o9BAbFfMA/y3vUpcC4w9K1iNAwp1lPOa/M0PPsHlODj8I7bFH2tJtQfL4hP2R33GHPM2oP8PBHwBGA==",
      "dev": true,
      "engines": {
        "node": ">= 8"
      }
    },
    "node_modules/micromatch": {
      "version": "4.0.5",
      "resolved": "https://registry.npmjs.org/micromatch/-/micromatch-4.0.5.tgz",
      "integrity": "sha512-DMy+ERcEW2q8Z2S8dj6GEvSpgo2cl4EpxmoYEn14V1kD72PcvdRUW9z6mEzoECA6oUeV5T1oPaJtIda3Cfs0A/g==",
      "dev": true,
      "dependencies": {
        "braces": "^3.0.2",
        "picomatch": "^2.3.1"
      },
      "engines": {
        "node": ">=8.6"
      }
    },
    "node_modules/minimist": {
      "version": "1.2.8",
      "resolved": "https://registry.npmjs.org/minimist/-/minimist-1.2.8.tgz",
      "integrity": "sha512-2yyAR8qkvESbvcfPp4eTNmBQcivNY3HkvHrweGfs8/IcvceRhIOxDteUaNOUl+f3DIQ2wUNHplbS2Db/59eovg==",
      "dev": true,
      "funding": {
        "url": "https://github.com/sponsors/ljharb"
      }
    },
    "node_modules/ms": {
      "version": "2.1.2",
      "resolved": "https://registry.npmjs.org/ms/-/ms-2.1.2.tgz",
      "integrity": "sha512-sGkPx+VjMtmA6MX27oA4FBFELFCZZ4S4XqeGOXCv68tT+jb3vk/RyaKWP0PTKyWtmLSM0b+adUTEvbs1PEAxCg==",
      "dev": true
    },
    "node_modules/nanoid": {
      "version": "3.3.7",
      "resolved": "https://registry.npmjs.org/nanoid/-/nanoid-3.3.7.tgz",
      "integrity": "sha512-eSRppjcPIat8EXwAuYoMONI8+3LdFY/vOi5Lh4PUG1g3PauTCAfK2u5g3i1aQ3bTjPu/gV2K1h3gPzVfb7Qv4A==",
      "dev": true,
      "funding": [
        {
          "type": "github",
          "url": "https://github.com/sponsors/ai"
        }
      ],
      "bin": {
        "nanoid": "bin/nanoid.js"
      },
      "engines": {
        "node": "^10 || ^12 || ^13.7 || ^14 || >=15.0.1"
      }
    },
    "node_modules/node-releases": {
      "version": "2.0.14",
      "resolved": "https://registry.npmjs.org/node-releases/-/node-releases-2.0.14.tgz",
      "integrity": "sha512-yW7AbpQ/IIlo0GfWC4q9/3k9HP1pIuLpEVJ2o2a35mFr38AB85PBESbYvI9p+b613HtiChh5b326FmTzmA7+ASw==",
      "dev": true
    },
    "node_modules/object-hash": {
      "version": "3.0.0",
      "resolved": "https://registry.npmjs.org/object-hash/-/object-hash-3.0.0.tgz",
      "integrity": "sha512-cnPOZ2Ue/NggonA/z0CNlaIMI+LeY3M/3i2bTMEqTJbDDyD9g/2rsGYo/6N2h2dJDAhoC4zUoD6g7z+vS8sIrg==",
      "dev": true,
      "engines": {
        "node": ">= 6"
      }
    },
    "node_modules/picocolors": {
      "version": "1.0.1",
      "resolved": "https://registry.npmjs.org/picocolors/-/picocolors-1.0.1.tgz",
      "integrity": "sha512-anP1Z8qwhCfnzwO1367K3DG9k22s4pGk8Yy+255C8KclE4TKIqBURQdKEW3EB3LIIlj/mP2T3R2uP1wT/KL2tw==",
      "dev": true
    },
    "node_modules/picomatch": {
      "version": "2.3.1",
      "resolved": "https://registry.npmjs.org/picomatch/-/picomatch-2.3.1.tgz",
      "integrity": "sha512-JU3teI6mRUp63Qm7iQ+BqjvoeYf5CjGZu/o6cKin3Ywcb5fT/9LwAfVI4H080FGOCZUaC5dr1o3r2Tj2SjlgUw==",
      "dev": true,
      "engines": {
        "node": ">=8.6"
      },
      "funding": {
        "url": "https://github.com/sponsors/jonschlinkert"
      }
    },
    "node_modules/postcss": {
      "version": "8.4.38",
      "resolved": "https://registry.npmjs.org/postcss/-/postcss-8.4.38.tgz",
      "integrity": "sha512-W+92nRFMy6/u4mWl/yZOkbWnSTr8kGUS/mgt/0EX3rR2iTbT/Yy+2Ap8a2ItaNGhP8/vI7Tj0x5n65kPv/w4Tw==",
      "dev": true,
      "dependencies": {
        "nanoid": "^3.3.7",
        "picocolors": "^1.0.0",
        "source-map-js": "^1.2.0"
      },
      "engines": {
        "node": "^10 || ^12 || >=14"
      },
      "funding": {
        "type": "opencollective",
        "url": "https://opencollective.com/postcss/"
      }
    },
    "node_modules/postcss-import": {
      "version": "16.1.0",
      "resolved": "https://registry.npmjs.org/postcss-import/-/postcss-import-16.1.0.tgz",
      "integrity": "sha512-P9sqmXNnYfM8L93zX4OMPT3x2FplE2pC/i4uB54L6V6s+45wV13vyd+L4p1dYjP+n9/g+i8pD9L2rfP28yKsg==",
      "dev": true,
      "dependencies": {
        "postcss-value-parser": "^4.0.0",
        "resolve": "^1.1.7"
      },
      "engines": {
        "node": ">=14.0.0"
      },
      "peerDependencies": {
        "postcss": "^8.0.0"
      }
    },
    "node_modules/postcss-js": {
      "version": "4.0.1",
      "resolved": "https://registry.npmjs.org/postcss-js/-/postcss-js-4.0.1.tgz",
      "integrity": "sha512-dDLFh34q5yOUh6sD3MoT90250l1H2nkrg6qt59nZQ58s/1eCh1/D22p42fJpJGt0sQ+lQy/2s3wCSNPu842uVw==",
      "dev": true,
      "engines": {
        "node": "^12 || ^14 || >= 16"
      },
      "peerDependencies": {
        "postcss": "^8.4.21"
      }
    },
    "node_modules/postcss-load-config": {
      "version": "5.0.3",
      "resolved": "https://registry.npmjs.org/postcss-load-config/-/postcss-load-config-5.0.3.tgz",
      "integrity": "sha512-Dh3/4s40o7uY23p2kqaTviM1d4+z5Kx2L2oMFmBfKz913KzG/uol3nhzG/uPjizK4s3n2kpsVl+nH4bLWTge0Q==",
      "dev": true,
      "dependencies": {
        "js-yaml": "^4.1.0",
        "lilconfig": "^2.1.0"
      },
      "engines": {
        "node": "^14.18.0 || >=16.0.0"
      }
    },
    "node_modules/postcss-nested": {
      "version": "6.0.1",
      "resolved": "https://registry.npmjs.org/postcss-nested/-/postcss-nested-6.0.1.tgz",
      "integrity": "sha512-m3QCyu0K+Ie2vFzaHmv83t4E2s2/Fab3Xy3hflQo3/4aC1T52sMaSAy2eb9JkK3D1G1s1n8f+Tz3sK2yM93yBw==",
      "dev": true,
      "dependencies": {
        "postcss-selector-parser": "^6.0.10"
      },
      "engines": {
        "node": ">=12.0"
      },
      "peerDependencies": {
        "postcss": "^8.2.14"
      }
    },
    "node_modules/postcss-selector-parser": {
      "version": "6.0.16",
      "resolved": "https://registry.npmjs.org/postcss-selector-parser/-/postcss-selector-parser-6.0.16.tgz",
      "integrity": "sha512-A0RVJrX+IUkV236IblB0Jc83/fOd0I2h4J2i931/b3z2i5zdxS6i+HHqqj2a0s/81E1G5H3I7zXbkcKjY44+2Q==",
      "dev": true,
      "dependencies": {
        "cssesc": "^3.0.0",
        "util-deprecate": "^1.0.2"
      },
      "engines": {
        "node": ">=12.0.0"
      }
    },
    "node_modules/postcss-selector-parser/node_modules/cssesc": {
      "version": "3.0.0",
      "resolved": "https://registry.npmjs.org/cssesc/-/cssesc-3.0.0.tgz",
      "integrity": "sha512-/Tb/JXAtIOcrFdxcv7+wl7i5hrFAPg6diTCUKnbHp4UEThs5ADsL0c138I8gV25eRDe3T501mPLfgtI+4d4A0A==",
      "dev": true,
      "bin": {
        "cssesc": "bin/cssesc"
      },
      "engines": {
        "node": ">=4"
      }
    },
    "node_modules/postcss-value-parser": {
      "version": "4.2.0",
      "resolved": "https://registry.npmjs.org/postcss-value-parser/-/postcss-value-parser-4.2.0.tgz",
      "integrity": "sha512-1NNCs6uurfkVbeXG4S8pUFP6jPEE8/StaChjO0IM3JS4DchQg5cAF4jWAD4Btk45+VpciA3iQ3PU4TFaKA73PA==",
      "dev": true
    },
    "node_modules/queue-microtask": {
      "version": "1.2.3",
      "resolved": "https://registry.npmjs.org/queue-microtask/-/queue-microtask-1.2.3.tgz",
      "integrity": "sha512-NuaNSa6flKT5JaSYQzJok04JzTL1CA6aGhv5rfLW3PgqA+M2ChpZQnAC8h8i4FFLKA+0W63yW31adGqAxAxSOQ==",
      "dev": true
    },
    "node_modules/react": {
      "version": "18.3.1",
      "resolved": "https://registry.npmjs.org/react/-/react-18.3.1.tgz",
      "integrity": "sha512-wS+hAgJShmbnC3sa1NHM5g4xG/1LUgzC5PS3w2J+3d2pN0oFmCAFEkdGgIvHEe+kKfYs1hc2SAo8tVXLq8hL/w==",
      "dependencies": {
        "loose-envify": "^1.1.0",
        "react-jsx-runtime": "^18.3.1"
      },
      "engines": {
        "node": ">=0.10.0"
      }
    },
    "node_modules/react-dom": {
      "version": "18.3.1",
      "resolved": "https://registry.npmjs.org/react-dom/-/react-dom-18.3.1.tgz",
      "integrity": "sha512-5m4lBcnbK6nrv44a42G07be2paT92GNn8xx224ML/5M4OBKtdM/4B1xJ8UqQWCITg1Gd3T3232JmXR2SOkLqRA==",
      "dependencies": {
        "loose-envify": "^1.1.0",
        "scheduler": "^0.23.2"
      },
      "peerDependencies": {
        "react": "^18.3.1"
      }
    },
    "node_modules/react-jsx-runtime": {
      "version": "18.3.1",
      "resolved": "https://registry.npmjs.org/react-jsx-runtime/-/react-jsx-runtime-18.3.1.tgz",
      "integrity": "sha512-I26PazR3KRM+/hdcyQEbbyi3Rh4cNDT2y/d2LQN44t73tI/AIz6a/FnSDRy3JdG/GZW1b8T4d6t/18F5i54fSA==",
      "dependencies": {
        "react": "^18.3.1"
      }
    },
    "node_modules/react-refresh": {
      "version": "0.14.2",
      "resolved": "https://registry.npmjs.org/react-refresh/-/react-refresh-0.14.2.tgz",
      "integrity": "sha512-sFwU1tV40HOKu2eKx33E/791+1d8sO/Mv2aI/n2DnCr5gQvL7bPE0vVbWY/i0s+MDF+IMp3G8kC6QvYp1/A==",
      "dev": true,
      "engines": {
        "node": ">=0.10.0"
      }
    },
    "node_modules/regenerator-runtime": {
      "version": "0.14.1",
      "resolved": "https://registry.npmjs.org/regenerator-runtime/-/regenerator-runtime-0.14.1.tgz",
      "integrity": "sha512-dYnhHh0nJoMfnkZs6GmmhFknAGRrLznOu5nc9IgdRh0pRNBwY84NQt1bOCXtCzO1xSOXZu3hVQ+0SDcwOMNKwQ==",
      "dev": true
    },
    "node_modules/resolve": {
      "version": "1.22.8",
      "resolved": "https://registry.npmjs.org/resolve/-/resolve-1.22.8.tgz",
      "integrity": "sha512-oKWePCxqpd6My9bkaPChL6dJb3g2Zp3j/yLkykR4MnbSdEy/2ETSAqN2y72Nn9s3B/T38bS9+mO11mHNzcc3gQ==",
      "dev": true,
      "dependencies": {
        "is-core-module": "^2.13.0",
        "path-parse": "^1.0.7",
        "supports-preserve-symlinks-flag": "^1.0.0"
      },
      "bin": {
        "resolve": "bin/resolve"
      },
      "funding": {
        "url": "https://github.com/sponsors/ljharb"
      }
    },
    "node_modules/resolve/node_modules/is-core-module": {
      "version": "2.13.1",
      "resolved": "https://registry.npmjs.org/is-core-module/-/is-core-module-2.13.1.tgz",
      "integrity": "sha512-hHrIjvZsftOsvKSn2TRYl63zvxajp3KGE99gexD2T2+A+Qefe2MC2O3A9537HU82T3L3aQYDJt0Bbsuoc9D2/g==",
      "dev": true,
      "dependencies": {
        "hasown": "^2.0.0"
      },
      "funding": {
        "url": "https://github.com/sponsors/ljharb"
      }
    },
    "node_modules/reusify": {
      "version": "1.0.4",
      "resolved": "https://registry.npmjs.org/reusify/-/reusify-1.0.4.tgz",
      "integrity": "sha512-U9nH88a3fc/ekCF1l0/UP1IosiuIjyTh7hBvXVMHYgV8WTP6R7C4QwBriH+zhpWa39+SmKhrMnt8jp/7FTP5DQ==",
      "dev": true,
      "engines": {
        "node": ">=4"
      }
    },
    "node_modules/rollup": {
      "version": "4.17.2",
      "resolved": "https://registry.npmjs.org/rollup/-/rollup-4.17.2.tgz",
      "integrity": "sha512-P3aMep0n1nNkjyI2XpTfG/vMRQ3v24wN/Y+TDU/B8N7sR45/qQ2L5a54h0n1I+V252Wp/5uB6F2jWk+4K0p5Q==",
      "dev": true,
      "bin": {
        "rollup": "dist/bin/rollup"
      },
      "engines": {
        "node": ">=18.0.0",
        "npm": ">=8.0.0"
      },
      "optionalDependencies": {
        "fsevents": "~2.3.2"
      }
    },
    "node_modules/rollup/node_modules/fsevents": {
      "version": "2.3.3",
      "resolved": "https://registry.npmjs.org/fsevents/-/fsevents-2.3.3.tgz",
      "integrity": "sha512-5rrqanwR3w4WpdAReIcwc46qBJ3Ua8Ee2IO/+2lG5I8j/n0WwqS1iGg3R3I7Cv6T1h7Sxf/G+G448QQltp3tpA==",
      "dev": true,
      "hasInstallScript": true,
      "optional": true,
      "os": [
        "darwin"
      ],
      "engines": {
        "node": "^8.16.0 || ^10.6.0 || >=11.0.0"
      }
    },
    "node_modules/run-parallel": {
      "version": "1.2.0",
      "resolved": "https://registry.npmjs.org/run-parallel/-/run-parallel-1.2.0.tgz",
      "integrity": "sha512-5l49uK9oJKN/T4y49t/3I4Q2Y/Hn1sMkA33DGam2T0/5s1k23tClTf5F3i3P7aZdkb2Oa3PEr7I2eW/Bo+H6wA==",
      "dev": true,
      "dependencies": {
        "queue-microtask": "^1.2.3"
      }
    },
    "node_modules/scheduler": {
      "version": "0.23.2",
      "resolved": "https://registry.npmjs.org/scheduler/-/scheduler-0.23.2.tgz",
      "integrity": "sha512-7P82VeyH+weLp3TQ7yMyFN3/ohj8c9a3Vp8T2epzLE24iGfph5P5XjWg4m4p1+TfGQbHoXlFvVv3kB7x1UCicw==",
      "dependencies": {
        "loose-envify": "^1.1.0"
      }
    },
    "node_modules/semver": {
      "version": "6.3.1",
      "resolved": "https://registry.npmjs.org/semver/-/semver-6.3.1.tgz",
      "integrity": "sha512-BR7VvDC0XnQ+tOKoF2qAlKRTfxM9EUuY9GvK2URG/Uf24P6gfHolw2i50v3sDFFVL/M+tLT4AVi31IeA/zTWbA==",
      "dev": true,
      "bin": {
        "semver": "bin/semver.js"
      }
    },
    "node_modules/source-map": {
      "version": "0.5.7",
      "resolved": "https://registry.npmjs.org/source-map/-/source-map-0.5.7.tgz",
      "integrity": "sha512-LbrmJOMUSdEVYMr8A2yQ142a3QCNy/ShsL/iA1Q5vR4oV0L1cEZhXEOmrRxx3wA/i2L1GqtVAMf/9A1vQ2vDrQ==",
      "dev": true,
      "engines": {
        "node": ">=0.10.0"
      }
    },
    "node_modules/source-map-js": {
      "version": "1.2.0",
      "resolved": "https://registry.npmjs.org/source-map-js/-/source-map-js-1.2.0.tgz",
      "integrity": "sha512-itJW8lvSA0m2sgT7lLolE1n52/0nF2pP2d/N02dl5L2etmsCRx3xPUG452f2T/y73yQFP15x3VwWw0i30y2xWA==",
      "dev": true,
      "engines": {
        "node": ">=0.10.0"
      }
    },
    "node_modules/supports-color": {
      "version": "5.5.0",
      "resolved": "https://registry.npmjs.org/supports-color/-/supports-color-5.5.0.tgz",
      "integrity": "sha512-QjVjwdXIt408MIiAqCX4oUKsgU2SupG3gPvCNeZvSo72Co5l3qfwkNJwe6S/vKyr+s7md5OAPvvtAIgNikommA==",
      "dev": true,
      "dependencies": {
        "has-flag": "^3.0.0"
      },
      "engines": {
        "node": ">=4"
      }
    },
    "node_modules/supports-preserve-symlinks-flag": {
      "version": "1.0.0",
      "resolved": "https://registry.npmjs.org/supports-preserve-symlinks-flag/-/supports-preserve-symlinks-flag-1.0.0.tgz",
      "integrity": "sha512-ot0WnXS9fgdkgIcePe6RnpPDheI9OB1Kj2ssfkJWmbp+jUNi+yq8iEB/gSj7yb6T3M4mxE9lWRoo8bRxAgx2oQ==",
      "dev": true,
      "engines": {
        "node": ">= 0.4"
      },
      "funding": {
        "url": "https://github.com/sponsors/ljharb"
      }
    },
    "node_modules/tailwindcss": {
      "version": "3.4.3",
      "resolved": "https://registry.npmjs.org/tailwindcss/-/tailwindcss-3.4.3.tgz",
      "integrity": "sha512-y+c4j/zR5e+5l0kex2bfY95K8J6dOXcNkn1s8+rp2LpHzuD4r5Cj5/HqwEzr5c3453g2dbr5vduKFH6xdsrP1A==",
      "dev": true,
      "dependencies": {
        "argparse": "^2.0.1",
        "chokidar": "^3.5.3",
        "commander": "^2.20.3",
        "didyoumean": "^1.2.2",
        "dlv": "^1.1.3",
        "fast-glob": "^3.3.2",
        "glob-parent": "^6.0.2",
        "is-glob": "^4.0.3",
        "js-yaml": "^4.1.0",
        "lilconfig": "^2.1.0",
        "micromatch": "^4.0.5",
        "minimist": "^1.2.8",
        "object-hash": "^3.0.0",
        "picocolors": "^1.0.0",
        "postcss": "^8.4.32",
        "postcss-import": "^16.0.1",
        "postcss-js": "^4.0.1",
        "postcss-load-config": "^5.0.2",
        "postcss-nested": "^6.0.1",
        "postcss-selector-parser": "^6.0.13",
        "postcss-value-parser": "^4.2.0",
        "quick-lru": "^5.1.1",
        "resolve": "^1.22.8"
      },
      "bin": {
        "tailwind": "lib/cli.js",
        "tailwindcss": "lib/cli.js"
      },
      "engines": {
        "node": ">=14.0.0"
      }
    },
    "node_modules/tailwindcss/node_modules/argparse": {
      "version": "2.0.1",
      "resolved": "https://registry.npmjs.org/argparse/-/argparse-2.0.1.tgz",
      "integrity": "sha512-8+9WqebbFzpX9OR+gd+GNLG3fDHcppl1GOLpg2rhnreqj8LCrLPyRrXt56RundMubAyARgoyBpdxRXcrS+rbgw==",
      "dev": true
    },
    "node_modules/tailwindcss/node_modules/glob-parent": {
      "version": "6.0.2",
      "resolved": "https://registry.npmjs.org/glob-parent/-/glob-parent-6.0.2.tgz",
      "integrity": "sha512-XxwI8EOhVQgWp6iDL+3b0r86f4d/ll2NkeL1wAiNOOfSxxRPhrffYgGg6aHeEU5IG3cplnrhiTwGo3itxN1W3A==",
      "dev": true,
      "dependencies": {
        "is-glob": "^4.0.3"
      },
      "engines": {
        "node": ">=10.13.0"
      }
    },
    "node_modules/to-fast-properties": {
      "version": "2.0.0",
      "resolved": "https://registry.npmjs.org/to-fast-properties/-/to-fast-properties-2.0.0.tgz",
      "integrity": "sha512-adBtV1ckDOKoDXJYEoXrdYEdZlvKW2rIsvV+k2x யோ/sRy9dYdhi/jDMCHYKN1Y4TVcovGxsMGF+LhLJ+q3UA==",
      "dev": true,
      "engines": {
        "node": ">=4"
      }
    },
    "node_modules/to-regex-range": {
      "version": "5.0.1",
      "resolved": "https://registry.npmjs.org/to-regex-range/-/to-regex-range-5.0.1.tgz",
      "integrity": "sha512-652mALNT/OqgfylQ6KVqq+i8l6TO5d4qlvPOOhSS4JMEWdtdObaF4WnUXB29ab5OKrMdbSShQlsxVNUDjTq1ww==",
      "dev": true,
      "dependencies": {
        "is-number": "^7.0.0"
      },
      "engines": {
        "node": ">=8.0"
      }
    },
    "node_modules/typescript": {
      "version": "5.4.5",
      "resolved": "https://registry.npmjs.org/typescript/-/typescript-5.4.5.tgz",
      "integrity": "sha512-vcI4UpRgg81oXqd8ENtZBGXRssU70ahwFEwN2SJULixBfM3xTR9AZ7wii0E9hpwsc2wneCRZA7tPr4uDRVNBfg==",
      "dev": true,
      "bin": {
        "tsc": "bin/tsc",
        "tsserver": "bin/tsserver"
      },
      "engines": {
        "node": ">=14.17"
      }
    },
    "node_modules/undici-types": {
      "version": "5.26.5",
      "resolved": "https://registry.npmjs.org/undici-types/-/undici-types-5.26.5.tgz",
      "integrity": "sha512-JlCMO+ehdEIKqlFxk6IfVoAUVmgz7cU7zD/h9XZ0qzeosSHmUJVOzSQvvYSYWXkFXC+IfLKSIffhv0sVZup6pA==",
      "dev": true
    },
    "node_modules/update-browserslist-db": {
      "version": "1.0.13",
      "resolved": "https://registry.npmjs.org/update-browserslist-db/-/update-browserslist-db-1.0.13.tgz",
      "integrity": "sha512-xebPj+sV1g4p3t3b85S2nB3h5uTfR5hKs+Nnht3vo+dTOv5b0k25Y3CrXQR+N05T4PqAZEub2l2B/Lsdqwv/BQ==",
      "dev": true,
      "dependencies": {
        "picocolors": "^1.0.0"
      },
      "bin": {
        "update-browserslist-db": "cli.js"
      },
      "funding": {
        "type": "opencollective",
        "url": "https://opencollective.com/browserslist"
      }
    },
    "node_modules/util-deprecate": {
      "version": "1.0.2",
      "resolved": "https://registry.npmjs.org/util-deprecate/-/util-deprecate-1.0.2.tgz",
      "integrity": "sha512-EPD5q1uXyFxJpCrLnCc1zC9QBNiUt4R4PvcCAYyejwUaGTweAFB2H0/p/SE55Dh3Bfi9CUPFm40TNEbMSsmdjw==",
      "dev": true
    },
    "node_modules/vite": {
      "version": "5.2.11",
      "resolved": "https://registry.npmjs.org/vite/-/vite-5.2.11.tgz",
      "integrity": "sha512-aM9Nn6MvTdJ1KWM8P5nT5aL2SZA0qf6b2VcR5Kx2LUSz/oA/fBfQoG1Y2Nq/sIe34sW256Q7/A+u6tqdtj94Q==",
      "dev": true,
      "dependencies": {
        "esbuild": "^0.20.2",
        "postcss": "^8.4.38",
        "rollup": "^4.17.2"
      },
      "bin": {
        "vite": "bin/vite.js"
      },
      "engines": {
        "node": ">=18.0.0"
      },
      "funding": {
        "url": "https://github.com/sponsors/yyx990803"
      },
      "optionalDependencies": {
        "fsevents": "~2.3.2"
      },
      "peerDependencies": {
        "@types/node": ">=18.0.0",
        "less": "*",
        "lightningcss": "^1.21.0",
        "sass": "*",
        "stylus": "*",
        "sugarss": "*",
        "terser": "^5.4.0"
      },
      "peerDependenciesMeta": {
        "@types/node": {
          "optional": true
        },
        "less": {
          "optional": true
        },
        "lightningcss": {
          "optional": true
        },
        "sass": {
          "optional": true
        },
        "stylus": {
          "optional": true
        },
        "sugarss": {
          "optional": true
        },
        "terser": {
          "optional": true
        }
      }
    },
    "node_modules/vite/node_modules/fsevents": {
      "version": "2.3.3",
      "resolved": "https://registry.npmjs.org/fsevents/-/fsevents-2.3.3.tgz",
      "integrity": "sha512-5rrqanwR3w4WpdAReIcwc46qBJ3Ua8Ee2IO/+2lG5I8j/n0WwqS1iGg3R3I7Cv6T1h7Sxf/G+G448QQltp3tpA==",
      "dev": true,
      "hasInstallScript": true,
      "optional": true,
      "os": [
        "darwin"
      ],
      "engines": {
        "node": "^8.16.0 || ^10.6.0 || >=11.0.0"
      }
    }
  }
}
